
Microsoft Visual Studio Solution File, Format Version 12.00
# Visual Studio Version 16
VisualStudioVersion = 16.0.31702.278
MinimumVisualStudioVersion = 10.0.40219.1
Project("{FAE04EC0-301F-11D3-BF4B-00C04F79EFBC}") = "CarProject", "CarProject\CarProject.csproj", "{090B5CB8-B593-4782-BDF6-C904D1555919}"
EndProject
Global
	GlobalSection(SolutionConfigurationPlatforms) = preSolution
		Debug|Any CPU = Debug|Any CPU
		Release|Any CPU = Release|Any CPU
	EndGlobalSection
	GlobalSection(ProjectConfigurationPlatforms) = postSolution
		{090B5CB8-B593-4782-BDF6-C904D1555919}.Debug|Any CPU.ActiveCfg = Debug|Any CPU
		{090B5CB8-B593-4782-BDF6-C904D1555919}.Debug|Any CPU.Build.0 = Debug|Any CPU
		{090B5CB8-B593-4782-BDF6-C904D1555919}.Release|Any CPU.ActiveCfg = Release|Any CPU
		{090B5CB8-B593-4782-BDF6-C904D1555919}.Release|Any CPU.Build.0 = Release|Any CPU
	EndGlobalSection
	GlobalSection(SolutionProperties) = preSolution
		HideSolutionNode = FALSE
	EndGlobalSection
	GlobalSection(ExtensibilityGlobals) = postSolution
		SolutionGuid = {9A57D697-8A85-4E47-886E-F33A25D0E5DE}
	EndGlobalSection
EndGlobal
